// !$*UTF8*$!
{
	archiveVersion = 1;
	classes = {
	};
	objectVersion = 46;
	objects = {

/* Begin PBXBuildFile section */
		01E5EFD319BAADFF001B6D35 /* Foundation.framework in Frameworks */ = {isa = PBXBuildFile; fileRef = 01E5EFD219BAADFF001B6D35 /* Foundation.framework */; };
		01E5EFD519BAADFF001B6D35 /* CoreGraphics.framework in Frameworks */ = {isa = PBXBuildFile; fileRef = 01E5EFD419BAADFF001B6D35 /* CoreGraphics.framework */; };
		01E5EFD719BAADFF001B6D35 /* UIKit.framework in Frameworks */ = {isa = PBXBuildFile; fileRef = 01E5EFD619BAADFF001B6D35 /* UIKit.framework */; };
		01E5EFDD19BAADFF001B6D35 /* InfoPlist.strings in Resources */ = {isa = PBXBuildFile; fileRef = 01E5EFDB19BAADFF001B6D35 /* InfoPlist.strings */; };
		01E5EFDF19BAADFF001B6D35 /* main.m in Sources */ = {isa = PBXBuildFile; fileRef = 01E5EFDE19BAADFF001B6D35 /* main.m */; };
		01E5EFE319BAADFF001B6D35 /* SMAppDelegate.m in Sources */ = {isa = PBXBuildFile; fileRef = 01E5EFE219BAADFF001B6D35 /* SMAppDelegate.m */; };
		01E5EFE619BAADFF001B6D35 /* Main.storyboard in Resources */ = {isa = PBXBuildFile; fileRef = 01E5EFE419BAADFF001B6D35 /* Main.storyboard */; };
		01E5EFE919BAADFF001B6D35 /* SMFirstViewController.m in Sources */ = {isa = PBXBuildFile; fileRef = 01E5EFE819BAADFF001B6D35 /* SMFirstViewController.m */; };
		01E5EFEC19BAADFF001B6D35 /* SMSecondViewController.m in Sources */ = {isa = PBXBuildFile; fileRef = 01E5EFEB19BAADFF001B6D35 /* SMSecondViewController.m */; };
		01E5EFEE19BAADFF001B6D35 /* Images.xcassets in Resources */ = {isa = PBXBuildFile; fileRef = 01E5EFED19BAADFF001B6D35 /* Images.xcassets */; };
		01E5EFF519BAADFF001B6D35 /* XCTest.framework in Frameworks */ = {isa = PBXBuildFile; fileRef = 01E5EFF419BAADFF001B6D35 /* XCTest.framework */; };
		01E5EFF619BAADFF001B6D35 /* Foundation.framework in Frameworks */ = {isa = PBXBuildFile; fileRef = 01E5EFD219BAADFF001B6D35 /* Foundation.framework */; };
		01E5EFF719BAADFF001B6D35 /* UIKit.framework in Frameworks */ = {isa = PBXBuildFile; fileRef = 01E5EFD619BAADFF001B6D35 /* UIKit.framework */; };
		01E5EFFF19BAADFF001B6D35 /* InfoPlist.strings in Resources */ = {isa = PBXBuildFile; fileRef = 01E5EFFD19BAADFF001B6D35 /* InfoPlist.strings */; };
		01E5F00119BAADFF001B6D35 /* MatchedUpTests.m in Sources */ = {isa = PBXBuildFile; fileRef = 01E5F00019BAADFF001B6D35 /* MatchedUpTests.m */; };
/* End PBXBuildFile section */

/* Begin PBXContainerItemProxy section */
		01E5EFF819BAADFF001B6D35 /* PBXContainerItemProxy */ = {
			isa = PBXContainerItemProxy;
			containerPortal = 01E5EFC719BAADFF001B6D35 /* Project object */;
			proxyType = 1;
			remoteGlobalIDString = 01E5EFCE19BAADFF001B6D35;
			remoteInfo = MatchedUp;
		};
/* End PBXContainerItemProxy section */

/* Begin PBXFileReference section */
		01E5EFCF19BAADFF001B6D35 /* MatchedUp.app */ = {isa = PBXFileReference; explicitFileType = wrapper.application; includeInIndex = 0; path = MatchedUp.app; sourceTree = BUILT_PRODUCTS_DIR; };
		01E5EFD219BAADFF001B6D35 /* Foundation.framework */ = {isa = PBXFileReference; lastKnownFileType = wrapper.framework; name = Foundation.framework; path = System/Library/Frameworks/Foundation.framework; sourceTree = SDKROOT; };
		01E5EFD419BAADFF001B6D35 /* CoreGraphics.framework */ = {isa = PBXFileReference; lastKnownFileType = wrapper.framework; name = CoreGraphics.framework; path = System/Library/Frameworks/CoreGraphics.framework; sourceTree = SDKROOT; };
		01E5EFD619BAADFF001B6D35 /* UIKit.framework */ = {isa = PBXFileReference; lastKnownFileType = wrapper.framework; name = UIKit.framework; path = System/Library/Frameworks/UIKit.framework; sourceTree = SDKROOT; };
		01E5EFDA19BAADFF001B6D35 /* MatchedUp-Info.plist */ = {isa = PBXFileReference; lastKnownFileType = text.plist.xml; path = "MatchedUp-Info.plist"; sourceTree = "<group>"; };
		01E5EFDC19BAADFF001B6D35 /* en */ = {isa = PBXFileReference; lastKnownFileType = text.plist.strings; name = en; path = en.lproj/InfoPlist.strings; sourceTree = "<group>"; };
		01E5EFDE19BAADFF001B6D35 /* main.m */ = {isa = PBXFileReference; lastKnownFileType = sourcecode.c.objc; path = main.m; sourceTree = "<group>"; };
		01E5EFE019BAADFF001B6D35 /* MatchedUp-Prefix.pch */ = {isa = PBXFileReference; lastKnownFileType = sourcecode.c.h; path = "MatchedUp-Prefix.pch"; sourceTree = "<group>"; };
		01E5EFE119BAADFF001B6D35 /* SMAppDelegate.h */ = {isa = PBXFileReference; lastKnownFileType = sourcecode.c.h; path = SMAppDelegate.h; sourceTree = "<group>"; };
		01E5EFE219BAADFF001B6D35 /* SMAppDelegate.m */ = {isa = PBXFileReference; lastKnownFileType = sourcecode.c.objc; path = SMAppDelegate.m; sourceTree = "<group>"; };
		01E5EFE519BAADFF001B6D35 /* Base */ = {isa = PBXFileReference; lastKnownFileType = file.storyboard; name = Base; path = Base.lproj/Main.storyboard; sourceTree = "<group>"; };
		01E5EFE719BAADFF001B6D35 /* SMFirstViewController.h */ = {isa = PBXFileReference; lastKnownFileType = sourcecode.c.h; path = SMFirstViewController.h; sourceTree = "<group>"; };
		01E5EFE819BAADFF001B6D35 /* SMFirstViewController.m */ = {isa = PBXFileReference; lastKnownFileType = sourcecode.c.objc; path = SMFirstViewController.m; sourceTree = "<group>"; };
		01E5EFEA19BAADFF001B6D35 /* SMSecondViewController.h */ = {isa = PBXFileReference; lastKnownFileType = sourcecode.c.h; path = SMSecondViewController.h; sourceTree = "<group>"; };
		01E5EFEB19BAADFF001B6D35 /* SMSecondViewController.m */ = {isa = PBXFileReference; lastKnownFileType = sourcecode.c.objc; path = SMSecondViewController.m; sourceTree = "<group>"; };
		01E5EFED19BAADFF001B6D35 /* Images.xcassets */ = {isa = PBXFileReference; lastKnownFileType = folder.assetcatalog; path = Images.xcassets; sourceTree = "<group>"; };
		01E5EFF319BAADFF001B6D35 /* MatchedUpTests.xctest */ = {isa = PBXFileReference; explicitFileType = wrapper.cfbundle; includeInIndex = 0; path = MatchedUpTests.xctest; sourceTree = BUILT_PRODUCTS_DIR; };
		01E5EFF419BAADFF001B6D35 /* XCTest.framework */ = {isa = PBXFileReference; lastKnownFileType = wrapper.framework; name = XCTest.framework; path = Library/Frameworks/XCTest.framework; sourceTree = DEVELOPER_DIR; };
		01E5EFFC19BAADFF001B6D35 /* MatchedUpTests-Info.plist */ = {isa = PBXFileReference; lastKnownFileType = text.plist.xml; path = "MatchedUpTests-Info.plist"; sourceTree = "<group>"; };
		01E5EFFE19BAADFF001B6D35 /* en */ = {isa = PBXFileReference; lastKnownFileType = text.plist.strings; name = en; path = en.lproj/InfoPlist.strings; sourceTree = "<group>"; };
		01E5F00019BAADFF001B6D35 /* MatchedUpTests.m */ = {isa = PBXFileReference; lastKnownFileType = sourcecode.c.objc; path = MatchedUpTests.m; sourceTree = "<group>"; };
/* End PBXFileReference section */

/* Begin PBXFrameworksBuildPhase section */
		01E5EFCC19BAADFF001B6D35 /* Frameworks */ = {
			isa = PBXFrameworksBuildPhase;
			buildActionMask = 2147483647;
			files = (
				01E5EFD519BAADFF001B6D35 /* CoreGraphics.framework in Frameworks */,
				01E5EFD719BAADFF001B6D35 /* UIKit.framework in Frameworks */,
				01E5EFD319BAADFF001B6D35 /* Foundation.framework in Frameworks */,
			);
			runOnlyForDeploymentPostprocessing = 0;
		};
		01E5EFF019BAADFF001B6D35 /* Frameworks */ = {
			isa = PBXFrameworksBuildPhase;
			buildActionMask = 2147483647;
			files = (
				01E5EFF519BAADFF001B6D35 /* XCTest.framework in Frameworks */,
				01E5EFF719BAADFF001B6D35 /* UIKit.framework in Frameworks */,
				01E5EFF619BAADFF001B6D35 /* Foundation.framework in Frameworks */,
			);
			runOnlyForDeploymentPostprocessing = 0;
		};
/* End PBXFrameworksBuildPhase section */

/* Begin PBXGroup section */
		01E5EFC619BAADFF001B6D35 = {
			isa = PBXGroup;
			children = (
				01E5EFD819BAADFF001B6D35 /* MatchedUp */,
				01E5EFFA19BAADFF001B6D35 /* MatchedUpTests */,
				01E5EFD119BAADFF001B6D35 /* Frameworks */,
				01E5EFD019BAADFF001B6D35 /* Products */,
			);
			sourceTree = "<group>";
		};
		01E5EFD019BAADFF001B6D35 /* Products */ = {
			isa = PBXGroup;
			children = (
				01E5EFCF19BAADFF001B6D35 /* MatchedUp.app */,
				01E5EFF319BAADFF001B6D35 /* MatchedUpTests.xctest */,
			);
			name = Products;
			sourceTree = "<group>";
		};
		01E5EFD119BAADFF001B6D35 /* Frameworks */ = {
			isa = PBXGroup;
			children = (
				01E5EFD219BAADFF001B6D35 /* Foundation.framework */,
				01E5EFD419BAADFF001B6D35 /* CoreGraphics.framework */,
				01E5EFD619BAADFF001B6D35 /* UIKit.framework */,
				01E5EFF419BAADFF001B6D35 /* XCTest.framework */,
			);
			name = Frameworks;
			sourceTree = "<group>";
		};
		01E5EFD819BAADFF001B6D35 /* MatchedUp */ = {
			isa = PBXGroup;
			children = (
				01E5EFE119BAADFF001B6D35 /* SMAppDelegate.h */,
				01E5EFE219BAADFF001B6D35 /* SMAppDelegate.m */,
				01E5EFE419BAADFF001B6D35 /* Main.storyboard */,
				01E5EFE719BAADFF001B6D35 /* SMFirstViewController.h */,
				01E5EFE819BAADFF001B6D35 /* SMFirstViewController.m */,
				01E5EFEA19BAADFF001B6D35 /* SMSecondViewController.h */,
				01E5EFEB19BAADFF001B6D35 /* SMSecondViewController.m */,
				01E5EFED19BAADFF001B6D35 /* Images.xcassets */,
				01E5EFD919BAADFF001B6D35 /* Supporting Files */,
			);
			path = MatchedUp;
			sourceTree = "<group>";
		};
		01E5EFD919BAADFF001B6D35 /* Supporting Files */ = {
			isa = PBXGroup;
			children = (
				01E5EFDA19BAADFF001B6D35 /* MatchedUp-Info.plist */,
				01E5EFDB19BAADFF001B6D35 /* InfoPlist.strings */,
				01E5EFDE19BAADFF001B6D35 /* main.m */,
				01E5EFE019BAADFF001B6D35 /* MatchedUp-Prefix.pch */,
			);
			name = "Supporting Files";
			sourceTree = "<group>";
		};
		01E5EFFA19BAADFF001B6D35 /* MatchedUpTests */ = {
			isa = PBXGroup;
			children = (
				01E5F00019BAADFF001B6D35 /* MatchedUpTests.m */,
				01E5EFFB19BAADFF001B6D35 /* Supporting Files */,
			);
			path = MatchedUpTests;
			sourceTree = "<group>";
		};
		01E5EFFB19BAADFF001B6D35 /* Supporting Files */ = {
			isa = PBXGroup;
			children = (
				01E5EFFC19BAADFF001B6D35 /* MatchedUpTests-Info.plist */,
				01E5EFFD19BAADFF001B6D35 /* InfoPlist.strings */,
			);
			name = "Supporting Files";
			sourceTree = "<group>";
		};
/* End PBXGroup section */

/* Begin PBXNativeTarget section */
		01E5EFCE19BAADFF001B6D35 /* MatchedUp */ = {
			isa = PBXNativeTarget;
			buildConfigurationList = 01E5F00419BAADFF001B6D35 /* Build configuration list for PBXNativeTarget "MatchedUp" */;
			buildPhases = (
				01E5EFCB19BAADFF001B6D35 /* Sources */,
				01E5EFCC19BAADFF001B6D35 /* Frameworks */,
				01E5EFCD19BAADFF001B6D35 /* Resources */,
			);
			buildRules = (
			);
			dependencies = (
			);
			name = MatchedUp;
			productName = MatchedUp;
			productReference = 01E5EFCF19BAADFF001B6D35 /* MatchedUp.app */;
			productType = "com.apple.product-type.application";
		};
		01E5EFF219BAADFF001B6D35 /* MatchedUpTests */ = {
			isa = PBXNativeTarget;
			buildConfigurationList = 01E5F00719BAADFF001B6D35 /* Build configuration list for PBXNativeTarget "MatchedUpTests" */;
			buildPhases = (
				01E5EFEF19BAADFF001B6D35 /* Sources */,
				01E5EFF019BAADFF001B6D35 /* Frameworks */,
				01E5EFF119BAADFF001B6D35 /* Resources */,
			);
			buildRules = (
			);
			dependencies = (
				01E5EFF919BAADFF001B6D35 /* PBXTargetDependency */,
			);
			name = MatchedUpTests;
			productName = MatchedUpTests;
			productReference = 01E5EFF319BAADFF001B6D35 /* MatchedUpTests.xctest */;
			productType = "com.apple.product-type.bundle.unit-test";
		};
/* End PBXNativeTarget section */

/* Begin PBXProject section */
		01E5EFC719BAADFF001B6D35 /* Project object */ = {
			isa = PBXProject;
			attributes = {
				CLASSPREFIX = SM;
				LastUpgradeCheck = 0510;
				ORGANIZATIONNAME = "___FULLUSERNAME___";
				TargetAttributes = {
					01E5EFCE19BAADFF001B6D35 = {
						DevelopmentTeam = V7HT6L2HHU;
					};
					01E5EFF219BAADFF001B6D35 = {
						TestTargetID = 01E5EFCE19BAADFF001B6D35;
					};
				};
			};
			buildConfigurationList = 01E5EFCA19BAADFF001B6D35 /* Build configuration list for PBXProject "MatchedUp" */;
			compatibilityVersion = "Xcode 3.2";
			developmentRegion = English;
			hasScannedForEncodings = 0;
			knownRegions = (
				en,
				Base,
			);
			mainGroup = 01E5EFC619BAADFF001B6D35;
			productRefGroup = 01E5EFD019BAADFF001B6D35 /* Products */;
			projectDirPath = "";
			projectRoot = "";
			targets = (
				01E5EFCE19BAADFF001B6D35 /* MatchedUp */,
				01E5EFF219BAADFF001B6D35 /* MatchedUpTests */,
			);
		};
/* End PBXProject section */

/* Begin PBXResourcesBuildPhase section */
		01E5EFCD19BAADFF001B6D35 /* Resources */ = {
			isa = PBXResourcesBuildPhase;
			buildActionMask = 2147483647;
			files = (
				01E5EFEE19BAADFF001B6D35 /* Images.xcassets in Resources */,
				01E5EFDD19BAADFF001B6D35 /* InfoPlist.strings in Resources */,
				01E5EFE619BAADFF001B6D35 /* Main.storyboard in Resources */,
			);
			runOnlyForDeploymentPostprocessing = 0;
		};
		01E5EFF119BAADFF001B6D35 /* Resources */ = {
			isa = PBXResourcesBuildPhase;
			buildActionMask = 2147483647;
			files = (
				01E5EFFF19BAADFF001B6D35 /* InfoPlist.strings in Resources */,
			);
			runOnlyForDeploymentPostprocessing = 0;
		};
/* End PBXResourcesBuildPhase section */

/* Begin PBXSourcesBuildPhase section */
		01E5EFCB19BAADFF001B6D35 /* Sources */ = {
			isa = PBXSourcesBuildPhase;
			buildActionMask = 2147483647;
			files = (
				01E5EFE919BAADFF001B6D35 /* SMFirstViewController.m in Sources */,
				01E5EFE319BAADFF001B6D35 /* SMAppDelegate.m in Sources */,
				01E5EFEC19BAADFF001B6D35 /* SMSecondViewController.m in Sources */,
				01E5EFDF19BAADFF001B6D35 /* main.m in Sources */,
			);
			runOnlyForDeploymentPostprocessing = 0;
		};
		01E5EFEF19BAADFF001B6D35 /* Sources */ = {
			isa = PBXSourcesBuildPhase;
			buildActionMask = 2147483647;
			files = (
				01E5F00119BAADFF001B6D35 /* MatchedUpTests.m in Sources */,
			);
			runOnlyForDeploymentPostprocessing = 0;
		};
/* End PBXSourcesBuildPhase section */

/* Begin PBXTargetDependency section */
		01E5EFF919BAADFF001B6D35 /* PBXTargetDependency */ = {
			isa = PBXTargetDependency;
			target = 01E5EFCE19BAADFF001B6D35 /* MatchedUp */;
			targetProxy = 01E5EFF819BAADFF001B6D35 /* PBXContainerItemProxy */;
		};
/* End PBXTargetDependency section */

/* Begin PBXVariantGroup section */
		01E5EFDB19BAADFF001B6D35 /* InfoPlist.strings */ = {
			isa = PBXVariantGroup;
			children = (
				01E5EFDC19BAADFF001B6D35 /* en */,
			);
			name = InfoPlist.strings;
			sourceTree = "<group>";
		};
		01E5EFE419BAADFF001B6D35 /* Main.storyboard */ = {
			isa = PBXVariantGroup;
			children = (
				01E5EFE519BAADFF001B6D35 /* Base */,
			);
			name = Main.storyboard;
			sourceTree = "<group>";
		};
		01E5EFFD19BAADFF001B6D35 /* InfoPlist.strings */ = {
			isa = PBXVariantGroup;
			children = (
				01E5EFFE19BAADFF001B6D35 /* en */,
			);
			name = InfoPlist.strings;
			sourceTree = "<group>";
		};
/* End PBXVariantGroup section */

/* Begin XCBuildConfiguration section */
		01E5F00219BAADFF001B6D35 /* Debug */ = {
			isa = XCBuildConfiguration;
			buildSettings = {
				ALWAYS_SEARCH_USER_PATHS = NO;
				CLANG_CXX_LANGUAGE_STANDARD = "gnu++0x";
				CLANG_CXX_LIBRARY = "libc++";
				CLANG_ENABLE_MODULES = YES;
				CLANG_ENABLE_OBJC_ARC = YES;
				CLANG_WARN_BOOL_CONVERSION = YES;
				CLANG_WARN_CONSTANT_CONVERSION = YES;
				CLANG_WARN_DIRECT_OBJC_ISA_USAGE = YES_ERROR;
				CLANG_WARN_EMPTY_BODY = YES;
				CLANG_WARN_ENUM_CONVERSION = YES;
				CLANG_WARN_INT_CONVERSION = YES;
				CLANG_WARN_OBJC_ROOT_CLASS = YES_ERROR;
				CLANG_WARN__DUPLICATE_METHOD_MATCH = YES;
				"CODE_SIGN_IDENTITY[sdk=iphoneos*]" = "iPhone Developer";
				COPY_PHASE_STRIP = NO;
				GCC_C_LANGUAGE_STANDARD = gnu99;
				GCC_DYNAMIC_NO_PIC = NO;
				GCC_OPTIMIZATION_LEVEL = 0;
				GCC_PREPROCESSOR_DEFINITIONS = (
					"DEBUG=1",
					"$(inherited)",
				);
				GCC_SYMBOLS_PRIVATE_EXTERN = NO;
				GCC_WARN_64_TO_32_BIT_CONVERSION = YES;
				GCC_WARN_ABOUT_RETURN_TYPE = YES_ERROR;
				GCC_WARN_UNDECLARED_SELECTOR = YES;
				GCC_WARN_UNINITIALIZED_AUTOS = YES_AGGRESSIVE;
				GCC_WARN_UNUSED_FUNCTION = YES;
				GCC_WARN_UNUSED_VARIABLE = YES;
				IPHONEOS_DEPLOYMENT_TARGET = 7.1;
				ONLY_ACTIVE_ARCH = YES;
				SDKROOT = iphoneos;
			};
			name = Debug;
		};
		01E5F00319BAADFF001B6D35 /* Release */ = {
			isa = XCBuildConfiguration;
			buildSettings = {
				ALWAYS_SEARCH_USER_PATHS = NO;
				CLANG_CXX_LANGUAGE_STANDARD = "gnu++0x";
				CLANG_CXX_LIBRARY = "libc++";
				CLANG_ENABLE_MODULES = YES;
				CLANG_ENABLE_OBJC_ARC = YES;
				CLANG_WARN_BOOL_CONVERSION = YES;
				CLANG_WARN_CONSTANT_CONVERSION = YES;
				CLANG_WARN_DIRECT_OBJC_ISA_USAGE = YES_ERROR;
				CLANG_WARN_EMPTY_BODY = YES;
				CLANG_WARN_ENUM_CONVERSION = YES;
				CLANG_WARN_INT_CONVERSION = YES;
				CLANG_WARN_OBJC_ROOT_CLASS = YES_ERROR;
				CLANG_WARN__DUPLICATE_METHOD_MATCH = YES;
				"CODE_SIGN_IDENTITY[sdk=iphoneos*]" = "iPhone Developer";
				COPY_PHASE_STRIP = YES;
				ENABLE_NS_ASSERTIONS = NO;
				GCC_C_LANGUAGE_STANDARD = gnu99;
				GCC_WARN_64_TO_32_BIT_CONVERSION = YES;
				GCC_WARN_ABOUT_RETURN_TYPE = YES_ERROR;
				GCC_WARN_UNDECLARED_SELECTOR = YES;
				GCC_WARN_UNINITIALIZED_AUTOS = YES_AGGRESSIVE;
				GCC_WARN_UNUSED_FUNCTION = YES;
				GCC_WARN_UNUSED_VARIABLE = YES;
				IPHONEOS_DEPLOYMENT_TARGET = 7.1;
				SDKROOT = iphoneos;
				VALIDATE_PRODUCT = YES;
			};
			name = Release;
		};
		01E5F00519BAADFF001B6D35 /* Debug */ = {
			isa = XCBuildConfiguration;
			buildSettings = {
				ASSETCATALOG_COMPILER_APPICON_NAME = AppIcon;
				ASSETCATALOG_COMPILER_LAUNCHIMAGE_NAME = LaunchImage;
				CODE_SIGN_IDENTITY = "iPhone Developer";
				"CODE_SIGN_IDENTITY[sdk=iphoneos*]" = "iPhone Developer";
				GCC_PRECOMPILE_PREFIX_HEADER = YES;
				GCC_PREFIX_HEADER = "MatchedUp/MatchedUp-Prefix.pch";
				INFOPLIST_FILE = "MatchedUp/MatchedUp-Info.plist";
				PRODUCT_NAME = "$(TARGET_NAME)";
				PROVISIONING_PROFILE = "";
				WRAPPER_EXTENSION = app;
			};
			name = Debug;
		};
		01E5F00619BAADFF001B6D35 /* Release */ = {
			isa = XCBuildConfiguration;
			buildSettings = {
				ASSETCATALOG_COMPILER_APPICON_NAME = AppIcon;
				ASSETCATALOG_COMPILER_LAUNCHIMAGE_NAME = LaunchImage;
				CODE_SIGN_IDENTITY = "iPhone Developer";
				"CODE_SIGN_IDENTITY[sdk=iphoneos*]" = "iPhone Developer";
				GCC_PRECOMPILE_PREFIX_HEADER = YES;
				GCC_PREFIX_HEADER = "MatchedUp/MatchedUp-Prefix.pch";
				INFOPLIST_FILE = "MatchedUp/MatchedUp-Info.plist";
				PRODUCT_NAME = "$(TARGET_NAME)";
				PROVISIONING_PROFILE = "";
				WRAPPER_EXTENSION = app;
			};
			name = Release;
		};
		01E5F00819BAADFF001B6D35 /* Debug */ = {
			isa = XCBuildConfiguration;
			buildSettings = {
				BUNDLE_LOADER = "$(BUILT_PRODUCTS_DIR)/MatchedUp.app/MatchedUp";
				FRAMEWORK_SEARCH_PATHS = (
					"$(SDKROOT)/Developer/Library/Frameworks",
					"$(inherited)",
					"$(DEVELOPER_FRAMEWORKS_DIR)",
				);
				GCC_PRECOMPILE_PREFIX_HEADER = YES;
				GCC_PREFIX_HEADER = "MatchedUp/MatchedUp-Prefix.pch";
				GCC_PREPROCESSOR_DEFINITIONS = (
					"DEBUG=1",
					"$(inherited)",
				);
				INFOPLIST_FILE = "MatchedUpTests/MatchedUpTests-Info.plist";
				PRODUCT_NAME = "$(TARGET_NAME)";
				TEST_HOST = "$(BUNDLE_LOADER)";
				WRAPPER_EXTENSION = xctest;
			};
			name = Debug;
		};
		01E5F00919BAADFF001B6D35 /* Release */ = {
			isa = XCBuildConfiguration;
			buildSettings = {
				BUNDLE_LOADER = "$(BUILT_PRODUCTS_DIR)/MatchedUp.app/MatchedUp";
				FRAMEWORK_SEARCH_PATHS = (
					"$(SDKROOT)/Developer/Library/Frameworks",
					"$(inherited)",
					"$(DEVELOPER_FRAMEWORKS_DIR)",
				);
				GCC_PRECOMPILE_PREFIX_HEADER = YES;
				GCC_PREFIX_HEADER = "MatchedUp/MatchedUp-Prefix.pch";
				INFOPLIST_FILE = "MatchedUpTests/MatchedUpTests-Info.plist";
				PRODUCT_NAME = "$(TARGET_NAME)";
				TEST_HOST = "$(BUNDLE_LOADER)";
				WRAPPER_EXTENSION = xctest;
			};
			name = Release;
		};
/* End XCBuildConfiguration section */

/* Begin XCConfigurationList section */
		01E5EFCA19BAADFF001B6D35 /* Build configuration list for PBXProject "MatchedUp" */ = {
			isa = XCConfigurationList;
			buildConfigurations = (
				01E5F00219BAADFF001B6D35 /* Debug */,
				01E5F00319BAADFF001B6D35 /* Release */,
			);
			defaultConfigurationIsVisible = 0;
			defaultConfigurationName = Release;
		};
		01E5F00419BAADFF001B6D35 /* Build configuration list for PBXNativeTarget "MatchedUp" */ = {
			isa = XCConfigurationList;
			buildConfigurations = (
				01E5F00519BAADFF001B6D35 /* Debug */,
				01E5F00619BAADFF001B6D35 /* Release */,
			);
			defaultConfigurationIsVisible = 0;
		};
		01E5F00719BAADFF001B6D35 /* Build configuration list for PBXNativeTarget "MatchedUpTests" */ = {
			isa = XCConfigurationList;
			buildConfigurations = (
				01E5F00819BAADFF001B6D35 /* Debug */,
				01E5F00919BAADFF001B6D35 /* Release */,
			);
			defaultConfigurationIsVisible = 0;
		};
/* End XCConfigurationList section */
	};
	rootObject = 01E5EFC719BAADFF001B6D35 /* Project object */;
}
